// !$*UTF8*$!
{
	archiveVersion = 1;
	classes = {
	};
	objectVersion = 56;
	objects = {

/* Begin PBXBuildFile section */
		87B8C1AD2BB31D19006D39EF /* AppDelegate.swift in Sources */ = {isa = PBXBuildFile; fileRef = 87B8C1AC2BB31D19006D39EF /* AppDelegate.swift */; };
		87B8C1AF2BB31D19006D39EF /* SceneDelegate.swift in Sources */ = {isa = PBXBuildFile; fileRef = 87B8C1AE2BB31D19006D39EF /* SceneDelegate.swift */; };
		87B8C1B12BB31D19006D39EF /* ViewController.swift in Sources */ = {isa = PBXBuildFile; fileRef = 87B8C1B02BB31D19006D39EF /* ViewController.swift */; };
		87B8C1B42BB31D19006D39EF /* Main.storyboard in Resources */ = {isa = PBXBuildFile; fileRef = 87B8C1B22BB31D19006D39EF /* Main.storyboard */; };
		87B8C1B62BB31D1B006D39EF /* Assets.xcassets in Resources */ = {isa = PBXBuildFile; fileRef = 87B8C1B52BB31D1B006D39EF /* Assets.xcassets */; };
		87B8C1B92BB31D1B006D39EF /* LaunchScreen.storyboard in Resources */ = {isa = PBXBuildFile; fileRef = 87B8C1B72BB31D1B006D39EF /* LaunchScreen.storyboard */; };
		87B8C1C22BB31D3B006D39EF /* DateSelectorListView.swift in Sources */ = {isa = PBXBuildFile; fileRef = 87B8C1C12BB31D3B006D39EF /* DateSelectorListView.swift */; };
/* End PBXBuildFile section */

/* Begin PBXFileReference section */
		87B8C1A92BB31D19006D39EF /* MyPlaygroundProject.app */ = {isa = PBXFileReference; explicitFileType = wrapper.application; includeInIndex = 0; path = MyPlaygroundProject.app; sourceTree = BUILT_PRODUCTS_DIR; };
		87B8C1AC2BB31D19006D39EF /* AppDelegate.swift */ = {isa = PBXFileReference; lastKnownFileType = sourcecode.swift; path = AppDelegate.swift; sourceTree = "<group>"; };
		87B8C1AE2BB31D19006D39EF /* SceneDelegate.swift */ = {isa = PBXFileReference; lastKnownFileType = sourcecode.swift; path = SceneDelegate.swift; sourceTree = "<group>"; };
		87B8C1B02BB31D19006D39EF /* ViewController.swift */ = {isa = PBXFileReference; lastKnownFileType = sourcecode.swift; path = ViewController.swift; sourceTree = "<group>"; };
		87B8C1B32BB31D19006D39EF /* Base */ = {isa = PBXFileReference; lastKnownFileType = file.storyboard; name = Base; path = Base.lproj/Main.storyboard; sourceTree = "<group>"; };
		87B8C1B52BB31D1B006D39EF /* Assets.xcassets */ = {isa = PBXFileReference; lastKnownFileType = folder.assetcatalog; path = Assets.xcassets; sourceTree = "<group>"; };
		87B8C1B82BB31D1B006D39EF /* Base */ = {isa = PBXFileReference; lastKnownFileType = file.storyboard; name = Base; path = Base.lproj/LaunchScreen.storyboard; sourceTree = "<group>"; };
		87B8C1BA2BB31D1B006D39EF /* Info.plist */ = {isa = PBXFileReference; lastKnownFileType = text.plist.xml; path = Info.plist; sourceTree = "<group>"; };
		87B8C1C12BB31D3B006D39EF /* DateSelectorListView.swift */ = {isa = PBXFileReference; lastKnownFileType = sourcecode.swift; path = DateSelectorListView.swift; sourceTree = "<group>"; };
/* End PBXFileReference section */

/* Begin PBXFrameworksBuildPhase section */
		87B8C1A62BB31D19006D39EF /* Frameworks */ = {
			isa = PBXFrameworksBuildPhase;
			buildActionMask = 2147483647;
			files = (
			);
			runOnlyForDeploymentPostprocessing = 0;
		};
/* End PBXFrameworksBuildPhase section */

/* Begin PBXGroup section */
		87B8C1A02BB31D19006D39EF = {
			isa = PBXGroup;
			children = (
				87B8C1AB2BB31D19006D39EF /* MyPlaygroundProject */,
				87B8C1AA2BB31D19006D39EF /* Products */,
			);
			sourceTree = "<group>";
		};
		87B8C1AA2BB31D19006D39EF /* Products */ = {
			isa = PBXGroup;
			children = (
				87B8C1A92BB31D19006D39EF /* MyPlaygroundProject.app */,
			);
			name = Products;
			sourceTree = "<group>";
		};
		87B8C1AB2BB31D19006D39EF /* MyPlaygroundProject */ = {
			isa = PBXGroup;
			children = (
				87B8C1C02BB31D29006D39EF /* Views */,
				87B8C1AC2BB31D19006D39EF /* AppDelegate.swift */,
				87B8C1AE2BB31D19006D39EF /* SceneDelegate.swift */,
				87B8C1B02BB31D19006D39EF /* ViewController.swift */,
				87B8C1B22BB31D19006D39EF /* Main.storyboard */,
				87B8C1B52BB31D1B006D39EF /* Assets.xcassets */,
				87B8C1B72BB31D1B006D39EF /* LaunchScreen.storyboard */,
				87B8C1BA2BB31D1B006D39EF /* Info.plist */,
			);
			path = MyPlaygroundProject;
			sourceTree = "<group>";
		};
		87B8C1C02BB31D29006D39EF /* Views */ = {
			isa = PBXGroup;
			children = (
				87B8C1C32BB31DA4006D39EF /* DateSelectorListView */,
			);
			path = Views;
			sourceTree = "<group>";
		};
		87B8C1C32BB31DA4006D39EF /* DateSelectorListView */ = {
			isa = PBXGroup;
			children = (
				87B8C1C12BB31D3B006D39EF /* DateSelectorListView.swift */,
			);
			path = DateSelectorListView;
			sourceTree = "<group>";
		};
/* End PBXGroup section */

/* Begin PBXNativeTarget section */
		87B8C1A82BB31D19006D39EF /* MyPlaygroundProject */ = {
			isa = PBXNativeTarget;
			buildConfigurationList = 87B8C1BD2BB31D1B006D39EF /* Build configuration list for PBXNativeTarget "MyPlaygroundProject" */;
			buildPhases = (
				87B8C1A52BB31D19006D39EF /* Sources */,
				87B8C1A62BB31D19006D39EF /* Frameworks */,
				87B8C1A72BB31D19006D39EF /* Resources */,
			);
			buildRules = (
			);
			dependencies = (
			);
			name = MyPlaygroundProject;
			productName = MyPlaygroundProject;
			productReference = 87B8C1A92BB31D19006D39EF /* MyPlaygroundProject.app */;
			productType = "com.apple.product-type.application";
		};
/* End PBXNativeTarget section */

/* Begin PBXProject section */
		87B8C1A12BB31D19006D39EF /* Project object */ = {
			isa = PBXProject;
			attributes = {
				BuildIndependentTargetsInParallel = 1;
				LastSwiftUpdateCheck = 1520;
				LastUpgradeCheck = 1520;
				TargetAttributes = {
					87B8C1A82BB31D19006D39EF = {
						CreatedOnToolsVersion = 15.2;
					};
				};
			};
			buildConfigurationList = 87B8C1A42BB31D19006D39EF /* Build configuration list for PBXProject "MyPlaygroundProject" */;
			compatibilityVersion = "Xcode 14.0";
			developmentRegion = en;
			hasScannedForEncodings = 0;
			knownRegions = (
				en,
				Base,
			);
			mainGroup = 87B8C1A02BB31D19006D39EF;
			productRefGroup = 87B8C1AA2BB31D19006D39EF /* Products */;
			projectDirPath = "";
			projectRoot = "";
			targets = (
				87B8C1A82BB31D19006D39EF /* MyPlaygroundProject */,
			);
		};
/* End PBXProject section */

/* Begin PBXResourcesBuildPhase section */
		87B8C1A72BB31D19006D39EF /* Resources */ = {
			isa = PBXResourcesBuildPhase;
			buildActionMask = 2147483647;
			files = (
				87B8C1B92BB31D1B006D39EF /* LaunchScreen.storyboard in Resources */,
				87B8C1B62BB31D1B006D39EF /* Assets.xcassets in Resources */,
				87B8C1B42BB31D19006D39EF /* Main.storyboard in Resources */,
			);
			runOnlyForDeploymentPostprocessing = 0;
		};
/* End PBXResourcesBuildPhase section */

/* Begin PBXSourcesBuildPhase section */
		87B8C1A52BB31D19006D39EF /* Sources */ = {
			isa = PBXSourcesBuildPhase;
			buildActionMask = 2147483647;
			files = (
				87B8C1B12BB31D19006D39EF /* ViewController.swift in Sources */,
				87B8C1AD2BB31D19006D39EF /* AppDelegate.swift in Sources */,
				87B8C1AF2BB31D19006D39EF /* SceneDelegate.swift in Sources */,
				87B8C1C22BB31D3B006D39EF /* DateSelectorListView.swift in Sources */,
			);
			runOnlyForDeploymentPostprocessing = 0;
		};
/* End PBXSourcesBuildPhase section */

/* Begin PBXVariantGroup section */
		87B8C1B22BB31D19006D39EF /* Main.storyboard */ = {
			isa = PBXVariantGroup;
			children = (
				87B8C1B32BB31D19006D39EF /* Base */,
			);
			name = Main.storyboard;
			sourceTree = "<group>";
		};
		87B8C1B72BB31D1B006D39EF /* LaunchScreen.storyboard */ = {
			isa = PBXVariantGroup;
			children = (
				87B8C1B82BB31D1B006D39EF /* Base */,
			);
			name = LaunchScreen.storyboard;
			sourceTree = "<group>";
		};
/* End PBXVariantGroup section */

/* Begin XCBuildConfiguration section */
		87B8C1BB2BB31D1B006D39EF /* Debug */ = {
			isa = XCBuildConfiguration;
			buildSettings = {
				ALWAYS_SEARCH_USER_PATHS = NO;
				ASSETCATALOG_COMPILER_GENERATE_SWIFT_ASSET_SYMBOL_EXTENSIONS = YES;
				CLANG_ANALYZER_NONNULL = YES;
				CLANG_ANALYZER_NUMBER_OBJECT_CONVERSION = YES_AGGRESSIVE;
				CLANG_CXX_LANGUAGE_STANDARD = "gnu++20";
				CLANG_ENABLE_MODULES = YES;
				CLANG_ENABLE_OBJC_ARC = YES;
				CLANG_ENABLE_OBJC_WEAK = YES;
				CLANG_WARN_BLOCK_CAPTURE_AUTORELEASING = YES;
				CLANG_WARN_BOOL_CONVERSION = YES;
				CLANG_WARN_COMMA = YES;
				CLANG_WARN_CONSTANT_CONVERSION = YES;
				CLANG_WARN_DEPRECATED_OBJC_IMPLEMENTATIONS = YES;
				CLANG_WARN_DIRECT_OBJC_ISA_USAGE = YES_ERROR;
				CLANG_WARN_DOCUMENTATION_COMMENTS = YES;
				CLANG_WARN_EMPTY_BODY = YES;
				CLANG_WARN_ENUM_CONVERSION = YES;
				CLANG_WARN_INFINITE_RECURSION = YES;
				CLANG_WARN_INT_CONVERSION = YES;
				CLANG_WARN_NON_LITERAL_NULL_CONVERSION = YES;
				CLANG_WARN_OBJC_IMPLICIT_RETAIN_SELF = YES;
				CLANG_WARN_OBJC_LITERAL_CONVERSION = YES;
				CLANG_WARN_OBJC_ROOT_CLASS = YES_ERROR;
				CLANG_WARN_QUOTED_INCLUDE_IN_FRAMEWORK_HEADER = YES;
				CLANG_WARN_RANGE_LOOP_ANALYSIS = YES;
				CLANG_WARN_STRICT_PROTOTYPES = YES;
				CLANG_WARN_SUSPICIOUS_MOVE = YES;
				CLANG_WARN_UNGUARDED_AVAILABILITY = YES_AGGRESSIVE;
				CLANG_WARN_UNREACHABLE_CODE = YES;
				CLANG_WARN__DUPLICATE_METHOD_MATCH = YES;
				COPY_PHASE_STRIP = NO;
				DEBUG_INFORMATION_FORMAT = dwarf;
				ENABLE_STRICT_OBJC_MSGSEND = YES;
				ENABLE_TESTABILITY = YES;
				ENABLE_USER_SCRIPT_SANDBOXING = YES;
				GCC_C_LANGUAGE_STANDARD = gnu17;
				GCC_DYNAMIC_NO_PIC = NO;
				GCC_NO_COMMON_BLOCKS = YES;
				GCC_OPTIMIZATION_LEVEL = 0;
				GCC_PREPROCESSOR_DEFINITIONS = (
					"DEBUG=1",
					"$(inherited)",
				);
				GCC_WARN_64_TO_32_BIT_CONVERSION = YES;
				GCC_WARN_ABOUT_RETURN_TYPE = YES_ERROR;
				GCC_WARN_UNDECLARED_SELECTOR = YES;
				GCC_WARN_UNINITIALIZED_AUTOS = YES_AGGRESSIVE;
				GCC_WARN_UNUSED_FUNCTION = YES;
				GCC_WARN_UNUSED_VARIABLE = YES;
				IPHONEOS_DEPLOYMENT_TARGET = 17.2;
				LOCALIZATION_PREFERS_STRING_CATALOGS = YES;
				MTL_ENABLE_DEBUG_INFO = INCLUDE_SOURCE;
				MTL_FAST_MATH = YES;
				ONLY_ACTIVE_ARCH = YES;
				SDKROOT = iphoneos;
				SWIFT_ACTIVE_COMPILATION_CONDITIONS = "DEBUG $(inherited)";
				SWIFT_OPTIMIZATION_LEVEL = "-Onone";
			};
			name = Debug;
		};
		87B8C1BC2BB31D1B006D39EF /* Release */ = {
			isa = XCBuildConfiguration;
			buildSettings = {
				ALWAYS_SEARCH_USER_PATHS = NO;
				ASSETCATALOG_COMPILER_GENERATE_SWIFT_ASSET_SYMBOL_EXTENSIONS = YES;
				CLANG_ANALYZER_NONNULL = YES;
				CLANG_ANALYZER_NUMBER_OBJECT_CONVERSION = YES_AGGRESSIVE;
				CLANG_CXX_LANGUAGE_STANDARD = "gnu++20";
				CLANG_ENABLE_MODULES = YES;
				CLANG_ENABLE_OBJC_ARC = YES;
				CLANG_ENABLE_OBJC_WEAK = YES;
				CLANG_WARN_BLOCK_CAPTURE_AUTORELEASING = YES;
				CLANG_WARN_BOOL_CONVERSION = YES;
				CLANG_WARN_COMMA = YES;
				CLANG_WARN_CONSTANT_CONVERSION = YES;
				CLANG_WARN_DEPRECATED_OBJC_IMPLEMENTATIONS = YES;
				CLANG_WARN_DIRECT_OBJC_ISA_USAGE = YES_ERROR;
				CLANG_WARN_DOCUMENTATION_COMMENTS = YES;
				CLANG_WARN_EMPTY_BODY = YES;
				CLANG_WARN_ENUM_CONVERSION = YES;
				CLANG_WARN_INFINITE_RECURSION = YES;
				CLANG_WARN_INT_CONVERSION = YES;
				CLANG_WARN_NON_LITERAL_NULL_CONVERSION = YES;
				CLANG_WARN_OBJC_IMPLICIT_RETAIN_SELF = YES;
				CLANG_WARN_OBJC_LITERAL_CONVERSION = YES;
				CLANG_WARN_OBJC_ROOT_CLASS = YES_ERROR;
				CLANG_WARN_QUOTED_INCLUDE_IN_FRAMEWORK_HEADER = YES;
				CLANG_WARN_RANGE_LOOP_ANALYSIS = YES;
				CLANG_WARN_STRICT_PROTOTYPES = YES;
				CLANG_WARN_SUSPICIOUS_MOVE = YES;
				CLANG_WARN_UNGUARDED_AVAILABILITY = YES_AGGRESSIVE;
				CLANG_WARN_UNREACHABLE_CODE = YES;
				CLANG_WARN__DUPLICATE_METHOD_MATCH = YES;
				COPY_PHASE_STRIP = NO;
				DEBUG_INFORMATION_FORMAT = "dwarf-with-dsym";
				ENABLE_NS_ASSERTIONS = NO;
				ENABLE_STRICT_OBJC_MSGSEND = YES;
				ENABLE_USER_SCRIPT_SANDBOXING = YES;
				GCC_C_LANGUAGE_STANDARD = gnu17;
				GCC_NO_COMMON_BLOCKS = YES;
				GCC_WARN_64_TO_32_BIT_CONVERSION = YES;
				GCC_WARN_ABOUT_RETURN_TYPE = YES_ERROR;
				GCC_WARN_UNDECLARED_SELECTOR = YES;
				GCC_WARN_UNINITIALIZED_AUTOS = YES_AGGRESSIVE;
				GCC_WARN_UNUSED_FUNCTION = YES;
				GCC_WARN_UNUSED_VARIABLE = YES;
				IPHONEOS_DEPLOYMENT_TARGET = 17.2;
				LOCALIZATION_PREFERS_STRING_CATALOGS = YES;
				MTL_ENABLE_DEBUG_INFO = NO;
				MTL_FAST_MATH = YES;
				SDKROOT = iphoneos;
				SWIFT_COMPILATION_MODE = wholemodule;
				VALIDATE_PRODUCT = YES;
			};
			name = Release;
		};
		87B8C1BE2BB31D1B006D39EF /* Debug */ = {
			isa = XCBuildConfiguration;
			buildSettings = {
				ASSETCATALOG_COMPILER_APPICON_NAME = AppIcon;
				ASSETCATALOG_COMPILER_GLOBAL_ACCENT_COLOR_NAME = AccentColor;
				CODE_SIGN_STYLE = Automatic;
				CURRENT_PROJECT_VERSION = 1;
				DEVELOPMENT_TEAM = Z3WGH6HULM;
				GENERATE_INFOPLIST_FILE = YES;
				INFOPLIST_FILE = MyPlaygroundProject/Info.plist;
				INFOPLIST_KEY_UIApplicationSupportsIndirectInputEvents = YES;
				INFOPLIST_KEY_UILaunchStoryboardName = LaunchScreen;
				INFOPLIST_KEY_UIMainStoryboardFile = Main;
				INFOPLIST_KEY_UISupportedInterfaceOrientations_iPad = "UIInterfaceOrientationPortrait UIInterfaceOrientationPortraitUpsideDown UIInterfaceOrientationLandscapeLeft UIInterfaceOrientationLandscapeRight";
				INFOPLIST_KEY_UISupportedInterfaceOrientations_iPhone = "UIInterfaceOrientationPortrait UIInterfaceOrientationLandscapeLeft UIInterfaceOrientationLandscapeRight";
				IPHONEOS_DEPLOYMENT_TARGET = 14.0;
				LD_RUNPATH_SEARCH_PATHS = (
					"$(inherited)",
					"@executable_path/Frameworks",
				);
				MARKETING_VERSION = 1.0;
				PRODUCT_BUNDLE_IDENTIFIER = com.yamaguchi.MyPlaygroundProject;
				PRODUCT_NAME = "$(TARGET_NAME)";
				SWIFT_EMIT_LOC_STRINGS = YES;
				SWIFT_VERSION = 5.0;
				TARGETED_DEVICE_FAMILY = "1,2";
			};
			name = Debug;
		};
		87B8C1BF2BB31D1B006D39EF /* Release */ = {
			isa = XCBuildConfiguration;
			buildSettings = {
				ASSETCATALOG_COMPILER_APPICON_NAME = AppIcon;
				ASSETCATALOG_COMPILER_GLOBAL_ACCENT_COLOR_NAME = AccentColor;
				CODE_SIGN_STYLE = Automatic;
				CURRENT_PROJECT_VERSION = 1;
				DEVELOPMENT_TEAM = Z3WGH6HULM;
				GENERATE_INFOPLIST_FILE = YES;
				INFOPLIST_FILE = MyPlaygroundProject/Info.plist;
				INFOPLIST_KEY_UIApplicationSupportsIndirectInputEvents = YES;
				INFOPLIST_KEY_UILaunchStoryboardName = LaunchScreen;
				INFOPLIST_KEY_UIMainStoryboardFile = Main;
				INFOPLIST_KEY_UISupportedInterfaceOrientations_iPad = "UIInterfaceOrientationPortrait UIInterfaceOrientationPortraitUpsideDown UIInterfaceOrientationLandscapeLeft UIInterfaceOrientationLandscapeRight";
				INFOPLIST_KEY_UISupportedInterfaceOrientations_iPhone = "UIInterfaceOrientationPortrait UIInterfaceOrientationLandscapeLeft UIInterfaceOrientationLandscapeRight";
				IPHONEOS_DEPLOYMENT_TARGET = 14.0;
				LD_RUNPATH_SEARCH_PATHS = (
					"$(inherited)",
					"@executable_path/Frameworks",
				);
				MARKETING_VERSION = 1.0;
				PRODUCT_BUNDLE_IDENTIFIER = com.yamaguchi.MyPlaygroundProject;
				PRODUCT_NAME = "$(TARGET_NAME)";
				SWIFT_EMIT_LOC_STRINGS = YES;
				SWIFT_VERSION = 5.0;
				TARGETED_DEVICE_FAMILY = "1,2";
			};
			name = Release;
		};
/* End XCBuildConfiguration section */

/* Begin XCConfigurationList section */
		87B8C1A42BB31D19006D39EF /* Build configuration list for PBXProject "MyPlaygroundProject" */ = {
			isa = XCConfigurationList;
			buildConfigurations = (
				87B8C1BB2BB31D1B006D39EF /* Debug */,
				87B8C1BC2BB31D1B006D39EF /* Release */,
			);
			defaultConfigurationIsVisible = 0;
			defaultConfigurationName = Release;
		};
		87B8C1BD2BB31D1B006D39EF /* Build configuration list for PBXNativeTarget "MyPlaygroundProject" */ = {
			isa = XCConfigurationList;
			buildConfigurations = (
				87B8C1BE2BB31D1B006D39EF /* Debug */,
				87B8C1BF2BB31D1B006D39EF /* Release */,
			);
			defaultConfigurationIsVisible = 0;
			defaultConfigurationName = Release;
		};
/* End XCConfigurationList section */
	};
	rootObject = 87B8C1A12BB31D19006D39EF /* Project object */;
}
